
Microsoft Visual Studio Solution File, Format Version 12.00
# Visual Studio 14
VisualStudioVersion = 14.0.25420.1
MinimumVisualStudioVersion = 10.0.40219.1
Project("{FAE04EC0-301F-11D3-BF4B-00C04F79EFBC}") = "MOD003263_SoftwareEngineering", "MOD003263_SoftwareEngineering\MOD003263_SoftwareEngineering.csproj", "{83D582CD-ECCE-4E8D-A683-34B5B447270D}"
EndProject
Project("{FAE04EC0-301F-11D3-BF4B-00C04F79EFBC}") = "UITests", "UITests\UITests.csproj", "{DC1824F8-6C0A-4DDA-80E5-637B5B628CBC}"
EndProject
Global
	GlobalSection(SolutionConfigurationPlatforms) = preSolution
		Debug|Any CPU = Debug|Any CPU
		Release|Any CPU = Release|Any CPU
	EndGlobalSection
	GlobalSection(ProjectConfigurationPlatforms) = postSolution
		{83D582CD-ECCE-4E8D-A683-34B5B447270D}.Debug|Any CPU.ActiveCfg = Debug|Any CPU
		{83D582CD-ECCE-4E8D-A683-34B5B447270D}.Debug|Any CPU.Build.0 = Debug|Any CPU
		{83D582CD-ECCE-4E8D-A683-34B5B447270D}.Release|Any CPU.ActiveCfg = Release|Any CPU
		{83D582CD-ECCE-4E8D-A683-34B5B447270D}.Release|Any CPU.Build.0 = Release|Any CPU
		{DC1824F8-6C0A-4DDA-80E5-637B5B628CBC}.Debug|Any CPU.ActiveCfg = Debug|Any CPU
		{DC1824F8-6C0A-4DDA-80E5-637B5B628CBC}.Debug|Any CPU.Build.0 = Debug|Any CPU
		{DC1824F8-6C0A-4DDA-80E5-637B5B628CBC}.Release|Any CPU.ActiveCfg = Release|Any CPU
		{DC1824F8-6C0A-4DDA-80E5-637B5B628CBC}.Release|Any CPU.Build.0 = Release|Any CPU
	EndGlobalSection
	GlobalSection(SolutionProperties) = preSolution
		HideSolutionNode = FALSE
	EndGlobalSection
EndGlobal
